// !$*UTF8*$!
{
	archiveVersion = 1;
	classes = {
	};
	objectVersion = 46;
	objects = {

/* Begin PBXBuildFile section */
		76B93C541E439761007F16A8 /* AppDelegate.swift in Sources */ = {isa = PBXBuildFile; fileRef = 76B93C531E439761007F16A8 /* AppDelegate.swift */; };
		76B93C5B1E439761007F16A8 /* Assets.xcassets in Resources */ = {isa = PBXBuildFile; fileRef = 76B93C5A1E439761007F16A8 /* Assets.xcassets */; };
		76B93C681E439FD3007F16A8 /* LaunchScreen.storyboard in Resources */ = {isa = PBXBuildFile; fileRef = 76B93C661E439FD3007F16A8 /* LaunchScreen.storyboard */; };
		76B93C711E43A2E9007F16A8 /* UserListViewController.swift in Sources */ = {isa = PBXBuildFile; fileRef = 76B93C701E43A2E9007F16A8 /* UserListViewController.swift */; };
		76B93C731E43A2F3007F16A8 /* UserListConnector.swift in Sources */ = {isa = PBXBuildFile; fileRef = 76B93C721E43A2F3007F16A8 /* UserListConnector.swift */; };
		76B93C751E43A303007F16A8 /* UserListPresenter.swift in Sources */ = {isa = PBXBuildFile; fileRef = 76B93C741E43A303007F16A8 /* UserListPresenter.swift */; };
		76B93C771E43A30C007F16A8 /* UserListView.swift in Sources */ = {isa = PBXBuildFile; fileRef = 76B93C761E43A30C007F16A8 /* UserListView.swift */; };
		76B93C9F1E44E965007F16A8 /* EntityGateway.swift in Sources */ = {isa = PBXBuildFile; fileRef = 76B93C9E1E44E965007F16A8 /* EntityGateway.swift */; };
		76B93CA21E44E991007F16A8 /* Connector.swift in Sources */ = {isa = PBXBuildFile; fileRef = 76B93CA11E44E991007F16A8 /* Connector.swift */; };
		76B93CA51E44EC6F007F16A8 /* InMemoryRepository.swift in Sources */ = {isa = PBXBuildFile; fileRef = 76B93CA41E44EC6F007F16A8 /* InMemoryRepository.swift */; };
		76B93CAB1E44EDDC007F16A8 /* User.swift in Sources */ = {isa = PBXBuildFile; fileRef = 76B93CAA1E44EDDC007F16A8 /* User.swift */; };
		76B93CAD1E44F3D5007F16A8 /* UseCase.swift in Sources */ = {isa = PBXBuildFile; fileRef = 76B93CAC1E44F3D5007F16A8 /* UseCase.swift */; };
		76B93CAF1E44F71A007F16A8 /* UseCaseFactory.swift in Sources */ = {isa = PBXBuildFile; fileRef = 76B93CAE1E44F71A007F16A8 /* UseCaseFactory.swift */; };
		76B93CB21E44F96E007F16A8 /* ShowUserListUseCase.swift in Sources */ = {isa = PBXBuildFile; fileRef = 76B93CB11E44F96E007F16A8 /* ShowUserListUseCase.swift */; };
		76E19FA41E45024600FE82AB /* UserTableViewCell.swift in Sources */ = {isa = PBXBuildFile; fileRef = 76E19FA31E45024600FE82AB /* UserTableViewCell.swift */; };
		76E19FA71E45034500FE82AB /* ReusableIdentifier.swift in Sources */ = {isa = PBXBuildFile; fileRef = 76E19FA61E45034500FE82AB /* ReusableIdentifier.swift */; };
		76E19FB91E45098C00FE82AB /* UseCaseFactoryTests.swift in Sources */ = {isa = PBXBuildFile; fileRef = 76E19FB81E45098C00FE82AB /* UseCaseFactoryTests.swift */; };
		76E19FBD1E450DF200FE82AB /* ShowUserListUseCaseTests.swift in Sources */ = {isa = PBXBuildFile; fileRef = 76E19FBC1E450DF200FE82AB /* ShowUserListUseCaseTests.swift */; };
		76E19FC01E4510CD00FE82AB /* UserDisplayData.swift in Sources */ = {isa = PBXBuildFile; fileRef = 76E19FBF1E4510CD00FE82AB /* UserDisplayData.swift */; };
		76E19FC21E45147800FE82AB /* User+Mock.swift in Sources */ = {isa = PBXBuildFile; fileRef = 76E19FC11E45147800FE82AB /* User+Mock.swift */; };
		76E19FC41E4514F200FE82AB /* UserDisplayData+Mock.swift in Sources */ = {isa = PBXBuildFile; fileRef = 76E19FC31E4514F200FE82AB /* UserDisplayData+Mock.swift */; };
		76E19FC81E45174800FE82AB /* UserListPresenterTests.swift in Sources */ = {isa = PBXBuildFile; fileRef = 76E19FC71E45174800FE82AB /* UserListPresenterTests.swift */; };
		76E19FCA1E45D01200FE82AB /* LoadingView.swift in Sources */ = {isa = PBXBuildFile; fileRef = 76E19FC91E45D01200FE82AB /* LoadingView.swift */; };
		76E19FCC1E45DB7100FE82AB /* Post.swift in Sources */ = {isa = PBXBuildFile; fileRef = 76E19FCB1E45DB7100FE82AB /* Post.swift */; };
		76E19FCE1E45DC8900FE82AB /* PostDisplayData.swift in Sources */ = {isa = PBXBuildFile; fileRef = 76E19FCD1E45DC8900FE82AB /* PostDisplayData.swift */; };
		76E19FD01E45DED300FE82AB /* ShowPostListUseCase.swift in Sources */ = {isa = PBXBuildFile; fileRef = 76E19FCF1E45DED300FE82AB /* ShowPostListUseCase.swift */; };
		76E19FD21E45EECE00FE82AB /* Post+Mock.swift in Sources */ = {isa = PBXBuildFile; fileRef = 76E19FD11E45EECE00FE82AB /* Post+Mock.swift */; };
		76E19FD61E45EF6D00FE82AB /* PostDisplayData+Mock.swift in Sources */ = {isa = PBXBuildFile; fileRef = 76E19FD51E45EF6D00FE82AB /* PostDisplayData+Mock.swift */; };
		76E19FD81E45F01B00FE82AB /* ShowPostListUseCase.swift in Sources */ = {isa = PBXBuildFile; fileRef = 76E19FD71E45F01B00FE82AB /* ShowPostListUseCase.swift */; };
		76E19FDA1E45F3A200FE82AB /* UserDetailConnector.swift in Sources */ = {isa = PBXBuildFile; fileRef = 76E19FD91E45F3A200FE82AB /* UserDetailConnector.swift */; };
		76E19FDC1E45F43400FE82AB /* UserDetailsPresenter.swift in Sources */ = {isa = PBXBuildFile; fileRef = 76E19FDB1E45F43400FE82AB /* UserDetailsPresenter.swift */; };
		76E19FDE1E45F45B00FE82AB /* UserDetailsView.swift in Sources */ = {isa = PBXBuildFile; fileRef = 76E19FDD1E45F45B00FE82AB /* UserDetailsView.swift */; };
		76E19FE01E45F4EC00FE82AB /* UserDetailsViewController.swift in Sources */ = {isa = PBXBuildFile; fileRef = 76E19FDF1E45F4EC00FE82AB /* UserDetailsViewController.swift */; };
		76E19FE21E45F52C00FE82AB /* UserCell.swift in Sources */ = {isa = PBXBuildFile; fileRef = 76E19FE11E45F52C00FE82AB /* UserCell.swift */; };
		76E19FE41E4692F200FE82AB /* PostTableViewCell.swift in Sources */ = {isa = PBXBuildFile; fileRef = 76E19FE31E4692F200FE82AB /* PostTableViewCell.swift */; };
		76E19FE61E4692FE00FE82AB /* PostCell.swift in Sources */ = {isa = PBXBuildFile; fileRef = 76E19FE51E4692FE00FE82AB /* PostCell.swift */; };
/* End PBXBuildFile section */

/* Begin PBXContainerItemProxy section */
		76E19FB11E4508D500FE82AB /* PBXContainerItemProxy */ = {
			isa = PBXContainerItemProxy;
			containerPortal = 76B93C481E439761007F16A8 /* Project object */;
			proxyType = 1;
			remoteGlobalIDString = 76B93C4F1E439761007F16A8;
			remoteInfo = UserDisplayer;
		};
/* End PBXContainerItemProxy section */

/* Begin PBXFileReference section */
		76B93C501E439761007F16A8 /* UserDisplayer.app */ = {isa = PBXFileReference; explicitFileType = wrapper.application; includeInIndex = 0; path = UserDisplayer.app; sourceTree = BUILT_PRODUCTS_DIR; };
		76B93C531E439761007F16A8 /* AppDelegate.swift */ = {isa = PBXFileReference; lastKnownFileType = sourcecode.swift; path = AppDelegate.swift; sourceTree = "<group>"; };
		76B93C5A1E439761007F16A8 /* Assets.xcassets */ = {isa = PBXFileReference; lastKnownFileType = folder.assetcatalog; path = Assets.xcassets; sourceTree = "<group>"; };
		76B93C5F1E439761007F16A8 /* Info.plist */ = {isa = PBXFileReference; lastKnownFileType = text.plist.xml; path = Info.plist; sourceTree = "<group>"; };
		76B93C671E439FD3007F16A8 /* Base */ = {isa = PBXFileReference; lastKnownFileType = file.storyboard; name = Base; path = Base.lproj/LaunchScreen.storyboard; sourceTree = "<group>"; };
		76B93C701E43A2E9007F16A8 /* UserListViewController.swift */ = {isa = PBXFileReference; fileEncoding = 4; lastKnownFileType = sourcecode.swift; path = UserListViewController.swift; sourceTree = "<group>"; };
		76B93C721E43A2F3007F16A8 /* UserListConnector.swift */ = {isa = PBXFileReference; fileEncoding = 4; lastKnownFileType = sourcecode.swift; path = UserListConnector.swift; sourceTree = "<group>"; };
		76B93C741E43A303007F16A8 /* UserListPresenter.swift */ = {isa = PBXFileReference; fileEncoding = 4; lastKnownFileType = sourcecode.swift; path = UserListPresenter.swift; sourceTree = "<group>"; };
		76B93C761E43A30C007F16A8 /* UserListView.swift */ = {isa = PBXFileReference; fileEncoding = 4; lastKnownFileType = sourcecode.swift; path = UserListView.swift; sourceTree = "<group>"; };
		76B93C9E1E44E965007F16A8 /* EntityGateway.swift */ = {isa = PBXFileReference; fileEncoding = 4; lastKnownFileType = sourcecode.swift; path = EntityGateway.swift; sourceTree = "<group>"; };
		76B93CA11E44E991007F16A8 /* Connector.swift */ = {isa = PBXFileReference; fileEncoding = 4; lastKnownFileType = sourcecode.swift; path = Connector.swift; sourceTree = "<group>"; };
		76B93CA41E44EC6F007F16A8 /* InMemoryRepository.swift */ = {isa = PBXFileReference; fileEncoding = 4; lastKnownFileType = sourcecode.swift; path = InMemoryRepository.swift; sourceTree = "<group>"; };
		76B93CAA1E44EDDC007F16A8 /* User.swift */ = {isa = PBXFileReference; fileEncoding = 4; lastKnownFileType = sourcecode.swift; path = User.swift; sourceTree = "<group>"; };
		76B93CAC1E44F3D5007F16A8 /* UseCase.swift */ = {isa = PBXFileReference; fileEncoding = 4; lastKnownFileType = sourcecode.swift; path = UseCase.swift; sourceTree = "<group>"; };
		76B93CAE1E44F71A007F16A8 /* UseCaseFactory.swift */ = {isa = PBXFileReference; fileEncoding = 4; lastKnownFileType = sourcecode.swift; path = UseCaseFactory.swift; sourceTree = "<group>"; };
		76B93CB11E44F96E007F16A8 /* ShowUserListUseCase.swift */ = {isa = PBXFileReference; fileEncoding = 4; lastKnownFileType = sourcecode.swift; path = ShowUserListUseCase.swift; sourceTree = "<group>"; };
		76E19FA31E45024600FE82AB /* UserTableViewCell.swift */ = {isa = PBXFileReference; fileEncoding = 4; lastKnownFileType = sourcecode.swift; path = UserTableViewCell.swift; sourceTree = "<group>"; };
		76E19FA61E45034500FE82AB /* ReusableIdentifier.swift */ = {isa = PBXFileReference; fileEncoding = 4; lastKnownFileType = sourcecode.swift; path = ReusableIdentifier.swift; sourceTree = "<group>"; };
		76E19FAC1E4508D500FE82AB /* UserDisplayerTests.xctest */ = {isa = PBXFileReference; explicitFileType = wrapper.cfbundle; includeInIndex = 0; path = UserDisplayerTests.xctest; sourceTree = BUILT_PRODUCTS_DIR; };
		76E19FB01E4508D500FE82AB /* Info.plist */ = {isa = PBXFileReference; lastKnownFileType = text.plist.xml; path = Info.plist; sourceTree = "<group>"; };
		76E19FB81E45098C00FE82AB /* UseCaseFactoryTests.swift */ = {isa = PBXFileReference; fileEncoding = 4; lastKnownFileType = sourcecode.swift; path = UseCaseFactoryTests.swift; sourceTree = "<group>"; };
		76E19FBC1E450DF200FE82AB /* ShowUserListUseCaseTests.swift */ = {isa = PBXFileReference; fileEncoding = 4; lastKnownFileType = sourcecode.swift; path = ShowUserListUseCaseTests.swift; sourceTree = "<group>"; };
		76E19FBF1E4510CD00FE82AB /* UserDisplayData.swift */ = {isa = PBXFileReference; fileEncoding = 4; lastKnownFileType = sourcecode.swift; path = UserDisplayData.swift; sourceTree = "<group>"; };
		76E19FC11E45147800FE82AB /* User+Mock.swift */ = {isa = PBXFileReference; fileEncoding = 4; lastKnownFileType = sourcecode.swift; path = "User+Mock.swift"; sourceTree = "<group>"; };
		76E19FC31E4514F200FE82AB /* UserDisplayData+Mock.swift */ = {isa = PBXFileReference; fileEncoding = 4; lastKnownFileType = sourcecode.swift; path = "UserDisplayData+Mock.swift"; sourceTree = "<group>"; };
		76E19FC71E45174800FE82AB /* UserListPresenterTests.swift */ = {isa = PBXFileReference; fileEncoding = 4; lastKnownFileType = sourcecode.swift; path = UserListPresenterTests.swift; sourceTree = "<group>"; };
		76E19FC91E45D01200FE82AB /* LoadingView.swift */ = {isa = PBXFileReference; fileEncoding = 4; lastKnownFileType = sourcecode.swift; path = LoadingView.swift; sourceTree = "<group>"; };
		76E19FCB1E45DB7100FE82AB /* Post.swift */ = {isa = PBXFileReference; fileEncoding = 4; lastKnownFileType = sourcecode.swift; path = Post.swift; sourceTree = "<group>"; };
		76E19FCD1E45DC8900FE82AB /* PostDisplayData.swift */ = {isa = PBXFileReference; fileEncoding = 4; lastKnownFileType = sourcecode.swift; path = PostDisplayData.swift; sourceTree = "<group>"; };
		76E19FCF1E45DED300FE82AB /* ShowPostListUseCase.swift */ = {isa = PBXFileReference; fileEncoding = 4; lastKnownFileType = sourcecode.swift; path = ShowPostListUseCase.swift; sourceTree = "<group>"; };
		76E19FD11E45EECE00FE82AB /* Post+Mock.swift */ = {isa = PBXFileReference; fileEncoding = 4; lastKnownFileType = sourcecode.swift; path = "Post+Mock.swift"; sourceTree = "<group>"; };
		76E19FD51E45EF6D00FE82AB /* PostDisplayData+Mock.swift */ = {isa = PBXFileReference; fileEncoding = 4; lastKnownFileType = sourcecode.swift; path = "PostDisplayData+Mock.swift"; sourceTree = "<group>"; };
		76E19FD71E45F01B00FE82AB /* ShowPostListUseCase.swift */ = {isa = PBXFileReference; fileEncoding = 4; lastKnownFileType = sourcecode.swift; path = ShowPostListUseCase.swift; sourceTree = "<group>"; };
		76E19FD91E45F3A200FE82AB /* UserDetailConnector.swift */ = {isa = PBXFileReference; fileEncoding = 4; lastKnownFileType = sourcecode.swift; path = UserDetailConnector.swift; sourceTree = "<group>"; };
		76E19FDB1E45F43400FE82AB /* UserDetailsPresenter.swift */ = {isa = PBXFileReference; fileEncoding = 4; lastKnownFileType = sourcecode.swift; path = UserDetailsPresenter.swift; sourceTree = "<group>"; };
		76E19FDD1E45F45B00FE82AB /* UserDetailsView.swift */ = {isa = PBXFileReference; fileEncoding = 4; lastKnownFileType = sourcecode.swift; path = UserDetailsView.swift; sourceTree = "<group>"; };
		76E19FDF1E45F4EC00FE82AB /* UserDetailsViewController.swift */ = {isa = PBXFileReference; fileEncoding = 4; lastKnownFileType = sourcecode.swift; path = UserDetailsViewController.swift; sourceTree = "<group>"; };
		76E19FE11E45F52C00FE82AB /* UserCell.swift */ = {isa = PBXFileReference; fileEncoding = 4; lastKnownFileType = sourcecode.swift; path = UserCell.swift; sourceTree = "<group>"; };
		76E19FE31E4692F200FE82AB /* PostTableViewCell.swift */ = {isa = PBXFileReference; fileEncoding = 4; lastKnownFileType = sourcecode.swift; path = PostTableViewCell.swift; sourceTree = "<group>"; };
		76E19FE51E4692FE00FE82AB /* PostCell.swift */ = {isa = PBXFileReference; fileEncoding = 4; lastKnownFileType = sourcecode.swift; path = PostCell.swift; sourceTree = "<group>"; };
/* End PBXFileReference section */

/* Begin PBXFrameworksBuildPhase section */
		76B93C4D1E439761007F16A8 /* Frameworks */ = {
			isa = PBXFrameworksBuildPhase;
			buildActionMask = 2147483647;
			files = (
			);
			runOnlyForDeploymentPostprocessing = 0;
		};
		76E19FA91E4508D500FE82AB /* Frameworks */ = {
			isa = PBXFrameworksBuildPhase;
			buildActionMask = 2147483647;
			files = (
			);
			runOnlyForDeploymentPostprocessing = 0;
		};
/* End PBXFrameworksBuildPhase section */

/* Begin PBXGroup section */
		76B93C471E439761007F16A8 = {
			isa = PBXGroup;
			children = (
				76B93C521E439761007F16A8 /* UserDisplayer */,
				76E19FAD1E4508D500FE82AB /* UserDisplayerTests */,
				76B93C511E439761007F16A8 /* Products */,
			);
			sourceTree = "<group>";
		};
		76B93C511E439761007F16A8 /* Products */ = {
			isa = PBXGroup;
			children = (
				76B93C501E439761007F16A8 /* UserDisplayer.app */,
				76E19FAC1E4508D500FE82AB /* UserDisplayerTests.xctest */,
			);
			name = Products;
			sourceTree = "<group>";
		};
		76B93C521E439761007F16A8 /* UserDisplayer */ = {
			isa = PBXGroup;
			children = (
				76B93CA31E44EC5E007F16A8 /* Data */,
				76B93C9D1E44E956007F16A8 /* Domain */,
				76B93C6D1E43A26D007F16A8 /* Presentation */,
				76B93C691E43A074007F16A8 /* UI */,
				76B93C651E439F0A007F16A8 /* Supporting Files */,
			);
			path = UserDisplayer;
			sourceTree = "<group>";
		};
		76B93C651E439F0A007F16A8 /* Supporting Files */ = {
			isa = PBXGroup;
			children = (
				76B93C5F1E439761007F16A8 /* Info.plist */,
				76B93C661E439FD3007F16A8 /* LaunchScreen.storyboard */,
				76B93C5A1E439761007F16A8 /* Assets.xcassets */,
			);
			path = "Supporting Files";
			sourceTree = "<group>";
		};
		76B93C691E43A074007F16A8 /* UI */ = {
			isa = PBXGroup;
			children = (
				76E19FA51E45033C00FE82AB /* Aux */,
				76E19FA21E45023D00FE82AB /* SupplementaryViews */,
				76B93CA01E44E987007F16A8 /* Protocols */,
				76B93C6C1E43A091007F16A8 /* AppDelegate */,
				76B93C6B1E43A089007F16A8 /* Views */,
				76B93C6A1E43A081007F16A8 /* Connectors */,
			);
			path = UI;
			sourceTree = "<group>";
		};
		76B93C6A1E43A081007F16A8 /* Connectors */ = {
			isa = PBXGroup;
			children = (
				76B93C721E43A2F3007F16A8 /* UserListConnector.swift */,
				76E19FD91E45F3A200FE82AB /* UserDetailConnector.swift */,
			);
			path = Connectors;
			sourceTree = "<group>";
		};
		76B93C6B1E43A089007F16A8 /* Views */ = {
			isa = PBXGroup;
			children = (
				76B93C701E43A2E9007F16A8 /* UserListViewController.swift */,
				76E19FDF1E45F4EC00FE82AB /* UserDetailsViewController.swift */,
			);
			path = Views;
			sourceTree = "<group>";
		};
		76B93C6C1E43A091007F16A8 /* AppDelegate */ = {
			isa = PBXGroup;
			children = (
				76B93C531E439761007F16A8 /* AppDelegate.swift */,
			);
			path = AppDelegate;
			sourceTree = "<group>";
		};
		76B93C6D1E43A26D007F16A8 /* Presentation */ = {
			isa = PBXGroup;
			children = (
				76B93C6F1E43A282007F16A8 /* ViewProtocols */,
				76B93C6E1E43A277007F16A8 /* Presenters */,
			);
			path = Presentation;
			sourceTree = "<group>";
		};
		76B93C6E1E43A277007F16A8 /* Presenters */ = {
			isa = PBXGroup;
			children = (
				76B93C741E43A303007F16A8 /* UserListPresenter.swift */,
				76E19FDB1E45F43400FE82AB /* UserDetailsPresenter.swift */,
			);
			path = Presenters;
			sourceTree = "<group>";
		};
		76B93C6F1E43A282007F16A8 /* ViewProtocols */ = {
			isa = PBXGroup;
			children = (
				76B93C761E43A30C007F16A8 /* UserListView.swift */,
				76E19FDD1E45F45B00FE82AB /* UserDetailsView.swift */,
				76E19FE11E45F52C00FE82AB /* UserCell.swift */,
				76E19FE51E4692FE00FE82AB /* PostCell.swift */,
			);
			path = ViewProtocols;
			sourceTree = "<group>";
		};
		76B93C9D1E44E956007F16A8 /* Domain */ = {
			isa = PBXGroup;
			children = (
				76B93C9E1E44E965007F16A8 /* EntityGateway.swift */,
				76B93CAC1E44F3D5007F16A8 /* UseCase.swift */,
				76B93CAE1E44F71A007F16A8 /* UseCaseFactory.swift */,
				76E19FBE1E4510BD00FE82AB /* Aux */,
				76B93CB01E44F961007F16A8 /* UseCases */,
				76B93CA91E44EDD3007F16A8 /* Entities */,
			);
			path = Domain;
			sourceTree = "<group>";
		};
		76B93CA01E44E987007F16A8 /* Protocols */ = {
			isa = PBXGroup;
			children = (
				76B93CA11E44E991007F16A8 /* Connector.swift */,
			);
			path = Protocols;
			sourceTree = "<group>";
		};
		76B93CA31E44EC5E007F16A8 /* Data */ = {
			isa = PBXGroup;
			children = (
				76B93CA41E44EC6F007F16A8 /* InMemoryRepository.swift */,
			);
			path = Data;
			sourceTree = "<group>";
		};
		76B93CA91E44EDD3007F16A8 /* Entities */ = {
			isa = PBXGroup;
			children = (
				76B93CAA1E44EDDC007F16A8 /* User.swift */,
				76E19FCB1E45DB7100FE82AB /* Post.swift */,
			);
			path = Entities;
			sourceTree = "<group>";
		};
		76B93CB01E44F961007F16A8 /* UseCases */ = {
			isa = PBXGroup;
			children = (
				76B93CB11E44F96E007F16A8 /* ShowUserListUseCase.swift */,
				76E19FCF1E45DED300FE82AB /* ShowPostListUseCase.swift */,
			);
			path = UseCases;
			sourceTree = "<group>";
		};
		76E19FA21E45023D00FE82AB /* SupplementaryViews */ = {
			isa = PBXGroup;
			children = (
				76E19FA31E45024600FE82AB /* UserTableViewCell.swift */,
				76E19FE31E4692F200FE82AB /* PostTableViewCell.swift */,
				76E19FC91E45D01200FE82AB /* LoadingView.swift */,
			);
			path = SupplementaryViews;
			sourceTree = "<group>";
		};
		76E19FA51E45033C00FE82AB /* Aux */ = {
			isa = PBXGroup;
			children = (
				76E19FA61E45034500FE82AB /* ReusableIdentifier.swift */,
			);
			path = Aux;
			sourceTree = "<group>";
		};
		76E19FAD1E4508D500FE82AB /* UserDisplayerTests */ = {
			isa = PBXGroup;
			children = (
				76E19FB71E45097F00FE82AB /* Domain */,
				76E19FC51E45171F00FE82AB /* Presentation */,
				76E19FB61E4508EB00FE82AB /* SupportingFiles */,
			);
			path = UserDisplayerTests;
			sourceTree = "<group>";
		};
		76E19FB61E4508EB00FE82AB /* SupportingFiles */ = {
			isa = PBXGroup;
			children = (
				76E19FB01E4508D500FE82AB /* Info.plist */,
				76E19FC11E45147800FE82AB /* User+Mock.swift */,
				76E19FC31E4514F200FE82AB /* UserDisplayData+Mock.swift */,
				76E19FD11E45EECE00FE82AB /* Post+Mock.swift */,
				76E19FD51E45EF6D00FE82AB /* PostDisplayData+Mock.swift */,
			);
			path = SupportingFiles;
			sourceTree = "<group>";
		};
		76E19FB71E45097F00FE82AB /* Domain */ = {
			isa = PBXGroup;
			children = (
				76E19FB81E45098C00FE82AB /* UseCaseFactoryTests.swift */,
				76E19FBB1E450DE200FE82AB /* UseCases */,
			);
			path = Domain;
			sourceTree = "<group>";
		};
		76E19FBB1E450DE200FE82AB /* UseCases */ = {
			isa = PBXGroup;
			children = (
				76E19FBC1E450DF200FE82AB /* ShowUserListUseCaseTests.swift */,
				76E19FD71E45F01B00FE82AB /* ShowPostListUseCase.swift */,
			);
			path = UseCases;
			sourceTree = "<group>";
		};
		76E19FBE1E4510BD00FE82AB /* Aux */ = {
			isa = PBXGroup;
			children = (
				76E19FBF1E4510CD00FE82AB /* UserDisplayData.swift */,
				76E19FCD1E45DC8900FE82AB /* PostDisplayData.swift */,
			);
			path = Aux;
			sourceTree = "<group>";
		};
		76E19FC51E45171F00FE82AB /* Presentation */ = {
			isa = PBXGroup;
			children = (
				76E19FC61E45173700FE82AB /* Presenters */,
			);
			path = Presentation;
			sourceTree = "<group>";
		};
		76E19FC61E45173700FE82AB /* Presenters */ = {
			isa = PBXGroup;
			children = (
				76E19FC71E45174800FE82AB /* UserListPresenterTests.swift */,
			);
			path = Presenters;
			sourceTree = "<group>";
		};
/* End PBXGroup section */

/* Begin PBXNativeTarget section */
		76B93C4F1E439761007F16A8 /* UserDisplayer */ = {
			isa = PBXNativeTarget;
			buildConfigurationList = 76B93C621E439761007F16A8 /* Build configuration list for PBXNativeTarget "UserDisplayer" */;
			buildPhases = (
				76B93C4C1E439761007F16A8 /* Sources */,
				76B93C4D1E439761007F16A8 /* Frameworks */,
				76B93C4E1E439761007F16A8 /* Resources */,
			);
			buildRules = (
			);
			dependencies = (
			);
			name = UserDisplayer;
			productName = UserDisplayer;
			productReference = 76B93C501E439761007F16A8 /* UserDisplayer.app */;
			productType = "com.apple.product-type.application";
		};
		76E19FAB1E4508D500FE82AB /* UserDisplayerTests */ = {
			isa = PBXNativeTarget;
			buildConfigurationList = 76E19FB31E4508D500FE82AB /* Build configuration list for PBXNativeTarget "UserDisplayerTests" */;
			buildPhases = (
				76E19FA81E4508D500FE82AB /* Sources */,
				76E19FA91E4508D500FE82AB /* Frameworks */,
				76E19FAA1E4508D500FE82AB /* Resources */,
			);
			buildRules = (
			);
			dependencies = (
				76E19FB21E4508D500FE82AB /* PBXTargetDependency */,
			);
			name = UserDisplayerTests;
			productName = UserDisplayerTests;
			productReference = 76E19FAC1E4508D500FE82AB /* UserDisplayerTests.xctest */;
			productType = "com.apple.product-type.bundle.unit-test";
		};
/* End PBXNativeTarget section */

/* Begin PBXProject section */
		76B93C481E439761007F16A8 /* Project object */ = {
			isa = PBXProject;
			attributes = {
				LastSwiftUpdateCheck = 0820;
				LastUpgradeCheck = 0820;
				ORGANIZATIONNAME = "Jeremi Kaczmarczyk";
				TargetAttributes = {
					76B93C4F1E439761007F16A8 = {
						CreatedOnToolsVersion = 8.2.1;
						DevelopmentTeam = S22AEPX323;
						ProvisioningStyle = Automatic;
					};
					76E19FAB1E4508D500FE82AB = {
						CreatedOnToolsVersion = 8.2.1;
						DevelopmentTeam = S22AEPX323;
						ProvisioningStyle = Automatic;
						TestTargetID = 76B93C4F1E439761007F16A8;
					};
				};
			};
			buildConfigurationList = 76B93C4B1E439761007F16A8 /* Build configuration list for PBXProject "UserDisplayer" */;
			compatibilityVersion = "Xcode 3.2";
			developmentRegion = English;
			hasScannedForEncodings = 0;
			knownRegions = (
				en,
				Base,
			);
			mainGroup = 76B93C471E439761007F16A8;
			productRefGroup = 76B93C511E439761007F16A8 /* Products */;
			projectDirPath = "";
			projectRoot = "";
			targets = (
				76B93C4F1E439761007F16A8 /* UserDisplayer */,
				76E19FAB1E4508D500FE82AB /* UserDisplayerTests */,
			);
		};
/* End PBXProject section */

/* Begin PBXResourcesBuildPhase section */
		76B93C4E1E439761007F16A8 /* Resources */ = {
			isa = PBXResourcesBuildPhase;
			buildActionMask = 2147483647;
			files = (
				76B93C681E439FD3007F16A8 /* LaunchScreen.storyboard in Resources */,
				76B93C5B1E439761007F16A8 /* Assets.xcassets in Resources */,
			);
			runOnlyForDeploymentPostprocessing = 0;
		};
		76E19FAA1E4508D500FE82AB /* Resources */ = {
			isa = PBXResourcesBuildPhase;
			buildActionMask = 2147483647;
			files = (
			);
			runOnlyForDeploymentPostprocessing = 0;
		};
/* End PBXResourcesBuildPhase section */

/* Begin PBXSourcesBuildPhase section */
		76B93C4C1E439761007F16A8 /* Sources */ = {
			isa = PBXSourcesBuildPhase;
			buildActionMask = 2147483647;
			files = (
				76E19FC01E4510CD00FE82AB /* UserDisplayData.swift in Sources */,
				76E19FE01E45F4EC00FE82AB /* UserDetailsViewController.swift in Sources */,
				76B93C731E43A2F3007F16A8 /* UserListConnector.swift in Sources */,
				76E19FCE1E45DC8900FE82AB /* PostDisplayData.swift in Sources */,
				76E19FDA1E45F3A200FE82AB /* UserDetailConnector.swift in Sources */,
				76B93C771E43A30C007F16A8 /* UserListView.swift in Sources */,
				76B93C541E439761007F16A8 /* AppDelegate.swift in Sources */,
				76E19FCC1E45DB7100FE82AB /* Post.swift in Sources */,
				76E19FE21E45F52C00FE82AB /* UserCell.swift in Sources */,
				76B93CAF1E44F71A007F16A8 /* UseCaseFactory.swift in Sources */,
				76E19FD01E45DED300FE82AB /* ShowPostListUseCase.swift in Sources */,
				76E19FCA1E45D01200FE82AB /* LoadingView.swift in Sources */,
				76E19FA41E45024600FE82AB /* UserTableViewCell.swift in Sources */,
				76B93CA51E44EC6F007F16A8 /* InMemoryRepository.swift in Sources */,
				76B93CB21E44F96E007F16A8 /* ShowUserListUseCase.swift in Sources */,
				76E19FE61E4692FE00FE82AB /* PostCell.swift in Sources */,
				76E19FA71E45034500FE82AB /* ReusableIdentifier.swift in Sources */,
				76E19FDC1E45F43400FE82AB /* UserDetailsPresenter.swift in Sources */,
				76E19FE41E4692F200FE82AB /* PostTableViewCell.swift in Sources */,
				76B93C751E43A303007F16A8 /* UserListPresenter.swift in Sources */,
				76E19FDE1E45F45B00FE82AB /* UserDetailsView.swift in Sources */,
				76B93CAD1E44F3D5007F16A8 /* UseCase.swift in Sources */,
				76B93CAB1E44EDDC007F16A8 /* User.swift in Sources */,
				76B93C711E43A2E9007F16A8 /* UserListViewController.swift in Sources */,
				76B93CA21E44E991007F16A8 /* Connector.swift in Sources */,
				76B93C9F1E44E965007F16A8 /* EntityGateway.swift in Sources */,
			);
			runOnlyForDeploymentPostprocessing = 0;
		};
		76E19FA81E4508D500FE82AB /* Sources */ = {
			isa = PBXSourcesBuildPhase;
			buildActionMask = 2147483647;
			files = (
				76E19FD81E45F01B00FE82AB /* ShowPostListUseCase.swift in Sources */,
				76E19FC81E45174800FE82AB /* UserListPresenterTests.swift in Sources */,
				76E19FC41E4514F200FE82AB /* UserDisplayData+Mock.swift in Sources */,
				76E19FB91E45098C00FE82AB /* UseCaseFactoryTests.swift in Sources */,
				76E19FC21E45147800FE82AB /* User+Mock.swift in Sources */,
				76E19FBD1E450DF200FE82AB /* ShowUserListUseCaseTests.swift in Sources */,
				76E19FD61E45EF6D00FE82AB /* PostDisplayData+Mock.swift in Sources */,
				76E19FD21E45EECE00FE82AB /* Post+Mock.swift in Sources */,
			);
			runOnlyForDeploymentPostprocessing = 0;
		};
/* End PBXSourcesBuildPhase section */

/* Begin PBXTargetDependency section */
		76E19FB21E4508D500FE82AB /* PBXTargetDependency */ = {
			isa = PBXTargetDependency;
			target = 76B93C4F1E439761007F16A8 /* UserDisplayer */;
			targetProxy = 76E19FB11E4508D500FE82AB /* PBXContainerItemProxy */;
		};
/* End PBXTargetDependency section */

/* Begin PBXVariantGroup section */
		76B93C661E439FD3007F16A8 /* LaunchScreen.storyboard */ = {
			isa = PBXVariantGroup;
			children = (
				76B93C671E439FD3007F16A8 /* Base */,
			);
			name = LaunchScreen.storyboard;
			sourceTree = "<group>";
		};
/* End PBXVariantGroup section */

/* Begin XCBuildConfiguration section */
		76B93C601E439761007F16A8 /* Debug */ = {
			isa = XCBuildConfiguration;
			buildSettings = {
				ALWAYS_SEARCH_USER_PATHS = NO;
				CLANG_ANALYZER_NONNULL = YES;
				CLANG_CXX_LANGUAGE_STANDARD = "gnu++0x";
				CLANG_CXX_LIBRARY = "libc++";
				CLANG_ENABLE_MODULES = YES;
				CLANG_ENABLE_OBJC_ARC = YES;
				CLANG_WARN_BOOL_CONVERSION = YES;
				CLANG_WARN_CONSTANT_CONVERSION = YES;
				CLANG_WARN_DIRECT_OBJC_ISA_USAGE = YES_ERROR;
				CLANG_WARN_DOCUMENTATION_COMMENTS = YES;
				CLANG_WARN_EMPTY_BODY = YES;
				CLANG_WARN_ENUM_CONVERSION = YES;
				CLANG_WARN_INFINITE_RECURSION = YES;
				CLANG_WARN_INT_CONVERSION = YES;
				CLANG_WARN_OBJC_ROOT_CLASS = YES_ERROR;
				CLANG_WARN_SUSPICIOUS_MOVE = YES;
				CLANG_WARN_UNREACHABLE_CODE = YES;
				CLANG_WARN__DUPLICATE_METHOD_MATCH = YES;
				"CODE_SIGN_IDENTITY[sdk=iphoneos*]" = "iPhone Developer";
				COPY_PHASE_STRIP = NO;
				DEBUG_INFORMATION_FORMAT = dwarf;
				ENABLE_STRICT_OBJC_MSGSEND = YES;
				ENABLE_TESTABILITY = YES;
				GCC_C_LANGUAGE_STANDARD = gnu99;
				GCC_DYNAMIC_NO_PIC = NO;
				GCC_NO_COMMON_BLOCKS = YES;
				GCC_OPTIMIZATION_LEVEL = 0;
				GCC_PREPROCESSOR_DEFINITIONS = (
					"DEBUG=1",
					"$(inherited)",
				);
				GCC_WARN_64_TO_32_BIT_CONVERSION = YES;
				GCC_WARN_ABOUT_RETURN_TYPE = YES_ERROR;
				GCC_WARN_UNDECLARED_SELECTOR = YES;
				GCC_WARN_UNINITIALIZED_AUTOS = YES_AGGRESSIVE;
				GCC_WARN_UNUSED_FUNCTION = YES;
				GCC_WARN_UNUSED_VARIABLE = YES;
				IPHONEOS_DEPLOYMENT_TARGET = 10.2;
				MTL_ENABLE_DEBUG_INFO = YES;
				ONLY_ACTIVE_ARCH = YES;
				SDKROOT = iphoneos;
				SWIFT_ACTIVE_COMPILATION_CONDITIONS = DEBUG;
				SWIFT_OPTIMIZATION_LEVEL = "-Onone";
				TARGETED_DEVICE_FAMILY = "1,2";
			};
			name = Debug;
		};
		76B93C611E439761007F16A8 /* Release */ = {
			isa = XCBuildConfiguration;
			buildSettings = {
				ALWAYS_SEARCH_USER_PATHS = NO;
				CLANG_ANALYZER_NONNULL = YES;
				CLANG_CXX_LANGUAGE_STANDARD = "gnu++0x";
				CLANG_CXX_LIBRARY = "libc++";
				CLANG_ENABLE_MODULES = YES;
				CLANG_ENABLE_OBJC_ARC = YES;
				CLANG_WARN_BOOL_CONVERSION = YES;
				CLANG_WARN_CONSTANT_CONVERSION = YES;
				CLANG_WARN_DIRECT_OBJC_ISA_USAGE = YES_ERROR;
				CLANG_WARN_DOCUMENTATION_COMMENTS = YES;
				CLANG_WARN_EMPTY_BODY = YES;
				CLANG_WARN_ENUM_CONVERSION = YES;
				CLANG_WARN_INFINITE_RECURSION = YES;
				CLANG_WARN_INT_CONVERSION = YES;
				CLANG_WARN_OBJC_ROOT_CLASS = YES_ERROR;
				CLANG_WARN_SUSPICIOUS_MOVE = YES;
				CLANG_WARN_UNREACHABLE_CODE = YES;
				CLANG_WARN__DUPLICATE_METHOD_MATCH = YES;
				"CODE_SIGN_IDENTITY[sdk=iphoneos*]" = "iPhone Developer";
				COPY_PHASE_STRIP = NO;
				DEBUG_INFORMATION_FORMAT = "dwarf-with-dsym";
				ENABLE_NS_ASSERTIONS = NO;
				ENABLE_STRICT_OBJC_MSGSEND = YES;
				GCC_C_LANGUAGE_STANDARD = gnu99;
				GCC_NO_COMMON_BLOCKS = YES;
				GCC_WARN_64_TO_32_BIT_CONVERSION = YES;
				GCC_WARN_ABOUT_RETURN_TYPE = YES_ERROR;
				GCC_WARN_UNDECLARED_SELECTOR = YES;
				GCC_WARN_UNINITIALIZED_AUTOS = YES_AGGRESSIVE;
				GCC_WARN_UNUSED_FUNCTION = YES;
				GCC_WARN_UNUSED_VARIABLE = YES;
				IPHONEOS_DEPLOYMENT_TARGET = 10.2;
				MTL_ENABLE_DEBUG_INFO = NO;
				SDKROOT = iphoneos;
				SWIFT_OPTIMIZATION_LEVEL = "-Owholemodule";
				TARGETED_DEVICE_FAMILY = "1,2";
				VALIDATE_PRODUCT = YES;
			};
			name = Release;
		};
		76B93C631E439761007F16A8 /* Debug */ = {
			isa = XCBuildConfiguration;
			buildSettings = {
				ASSETCATALOG_COMPILER_APPICON_NAME = AppIcon;
				ASSETCATALOG_COMPILER_LAUNCHIMAGE_NAME = LaunchImage;
				DEVELOPMENT_TEAM = S22AEPX323;
				INFOPLIST_FILE = "$(SRCROOT)/UserDisplayer/Supporting Files/Info.plist";
				LD_RUNPATH_SEARCH_PATHS = "$(inherited) @executable_path/Frameworks";
				PRODUCT_BUNDLE_IDENTIFIER = jk.apps.UserDisplayer;
				PRODUCT_NAME = "$(TARGET_NAME)";
				SWIFT_VERSION = 3.0;
			};
			name = Debug;
		};
		76B93C641E439761007F16A8 /* Release */ = {
			isa = XCBuildConfiguration;
			buildSettings = {
				ASSETCATALOG_COMPILER_APPICON_NAME = AppIcon;
				ASSETCATALOG_COMPILER_LAUNCHIMAGE_NAME = LaunchImage;
				DEVELOPMENT_TEAM = S22AEPX323;
				INFOPLIST_FILE = "$(SRCROOT)/UserDisplayer/Supporting Files/Info.plist";
				LD_RUNPATH_SEARCH_PATHS = "$(inherited) @executable_path/Frameworks";
				PRODUCT_BUNDLE_IDENTIFIER = jk.apps.UserDisplayer;
				PRODUCT_NAME = "$(TARGET_NAME)";
				SWIFT_VERSION = 3.0;
			};
			name = Release;
		};
		76E19FB41E4508D500FE82AB /* Debug */ = {
			isa = XCBuildConfiguration;
			buildSettings = {
				BUNDLE_LOADER = "$(TEST_HOST)";
				DEVELOPMENT_TEAM = S22AEPX323;
				INFOPLIST_FILE = UserDisplayerTests/SupportingFiles/Info.plist;
				LD_RUNPATH_SEARCH_PATHS = "$(inherited) @executable_path/Frameworks @loader_path/Frameworks";
				PRODUCT_BUNDLE_IDENTIFIER = jk.apps.UserDisplayerTests;
				PRODUCT_NAME = "$(TARGET_NAME)";
				SWIFT_VERSION = 3.0;
				TEST_HOST = "$(BUILT_PRODUCTS_DIR)/UserDisplayer.app/UserDisplayer";
			};
			name = Debug;
		};
		76E19FB51E4508D500FE82AB /* Release */ = {
			isa = XCBuildConfiguration;
			buildSettings = {
				BUNDLE_LOADER = "$(TEST_HOST)";
				DEVELOPMENT_TEAM = S22AEPX323;
				INFOPLIST_FILE = UserDisplayerTests/SupportingFiles/Info.plist;
				LD_RUNPATH_SEARCH_PATHS = "$(inherited) @executable_path/Frameworks @loader_path/Frameworks";
				PRODUCT_BUNDLE_IDENTIFIER = jk.apps.UserDisplayerTests;
				PRODUCT_NAME = "$(TARGET_NAME)";
				SWIFT_VERSION = 3.0;
				TEST_HOST = "$(BUILT_PRODUCTS_DIR)/UserDisplayer.app/UserDisplayer";
			};
			name = Release;
		};
/* End XCBuildConfiguration section */

/* Begin XCConfigurationList section */
		76B93C4B1E439761007F16A8 /* Build configuration list for PBXProject "UserDisplayer" */ = {
			isa = XCConfigurationList;
			buildConfigurations = (
				76B93C601E439761007F16A8 /* Debug */,
				76B93C611E439761007F16A8 /* Release */,
			);
			defaultConfigurationIsVisible = 0;
			defaultConfigurationName = Release;
		};
		76B93C621E439761007F16A8 /* Build configuration list for PBXNativeTarget "UserDisplayer" */ = {
			isa = XCConfigurationList;
			buildConfigurations = (
				76B93C631E439761007F16A8 /* Debug */,
				76B93C641E439761007F16A8 /* Release */,
			);
			defaultConfigurationIsVisible = 0;
			defaultConfigurationName = Release;
		};
		76E19FB31E4508D500FE82AB /* Build configuration list for PBXNativeTarget "UserDisplayerTests" */ = {
			isa = XCConfigurationList;
			buildConfigurations = (
				76E19FB41E4508D500FE82AB /* Debug */,
				76E19FB51E4508D500FE82AB /* Release */,
			);
			defaultConfigurationIsVisible = 0;
			defaultConfigurationName = Release;
		};
/* End XCConfigurationList section */
	};
	rootObject = 76B93C481E439761007F16A8 /* Project object */;
}
