// !$*UTF8*$!
{
	archiveVersion = 1;
	classes = {
	};
	objectVersion = 46;
	objects = {

/* Begin PBXBuildFile section */
		76B93C541E439761007F16A8 /* AppDelegate.swift in Sources */ = {isa = PBXBuildFile; fileRef = 76B93C531E439761007F16A8 /* AppDelegate.swift */; };
		76B93C5B1E439761007F16A8 /* Assets.xcassets in Resources */ = {isa = PBXBuildFile; fileRef = 76B93C5A1E439761007F16A8 /* Assets.xcassets */; };
		76B93C681E439FD3007F16A8 /* LaunchScreen.storyboard in Resources */ = {isa = PBXBuildFile; fileRef = 76B93C661E439FD3007F16A8 /* LaunchScreen.storyboard */; };
		76B93C711E43A2E9007F16A8 /* UserListViewController.swift in Sources */ = {isa = PBXBuildFile; fileRef = 76B93C701E43A2E9007F16A8 /* UserListViewController.swift */; };
		76B93C731E43A2F3007F16A8 /* UserListConnector.swift in Sources */ = {isa = PBXBuildFile; fileRef = 76B93C721E43A2F3007F16A8 /* UserListConnector.swift */; };
		76B93C751E43A303007F16A8 /* UserListPresenter.swift in Sources */ = {isa = PBXBuildFile; fileRef = 76B93C741E43A303007F16A8 /* UserListPresenter.swift */; };
		76B93C771E43A30C007F16A8 /* UserListView.swift in Sources */ = {isa = PBXBuildFile; fileRef = 76B93C761E43A30C007F16A8 /* UserListView.swift */; };
		76B93C9F1E44E965007F16A8 /* EntityGateway.swift in Sources */ = {isa = PBXBuildFile; fileRef = 76B93C9E1E44E965007F16A8 /* EntityGateway.swift */; };
		76B93CA21E44E991007F16A8 /* Connector.swift in Sources */ = {isa = PBXBuildFile; fileRef = 76B93CA11E44E991007F16A8 /* Connector.swift */; };
		76B93CA51E44EC6F007F16A8 /* InMemoryRepository.swift in Sources */ = {isa = PBXBuildFile; fileRef = 76B93CA41E44EC6F007F16A8 /* InMemoryRepository.swift */; };
		76B93CAB1E44EDDC007F16A8 /* User.swift in Sources */ = {isa = PBXBuildFile; fileRef = 76B93CAA1E44EDDC007F16A8 /* User.swift */; };
		76B93CAD1E44F3D5007F16A8 /* UseCase.swift in Sources */ = {isa = PBXBuildFile; fileRef = 76B93CAC1E44F3D5007F16A8 /* UseCase.swift */; };
		76B93CAF1E44F71A007F16A8 /* UseCaseFactory.swift in Sources */ = {isa = PBXBuildFile; fileRef = 76B93CAE1E44F71A007F16A8 /* UseCaseFactory.swift */; };
		76B93CB21E44F96E007F16A8 /* ShowUserListUseCase.swift in Sources */ = {isa = PBXBuildFile; fileRef = 76B93CB11E44F96E007F16A8 /* ShowUserListUseCase.swift */; };
/* End PBXBuildFile section */

/* Begin PBXFileReference section */
		76B93C501E439761007F16A8 /* UserDisplayer.app */ = {isa = PBXFileReference; explicitFileType = wrapper.application; includeInIndex = 0; path = UserDisplayer.app; sourceTree = BUILT_PRODUCTS_DIR; };
		76B93C531E439761007F16A8 /* AppDelegate.swift */ = {isa = PBXFileReference; lastKnownFileType = sourcecode.swift; path = AppDelegate.swift; sourceTree = "<group>"; };
		76B93C5A1E439761007F16A8 /* Assets.xcassets */ = {isa = PBXFileReference; lastKnownFileType = folder.assetcatalog; path = Assets.xcassets; sourceTree = "<group>"; };
		76B93C5F1E439761007F16A8 /* Info.plist */ = {isa = PBXFileReference; lastKnownFileType = text.plist.xml; path = Info.plist; sourceTree = "<group>"; };
		76B93C671E439FD3007F16A8 /* Base */ = {isa = PBXFileReference; lastKnownFileType = file.storyboard; name = Base; path = Base.lproj/LaunchScreen.storyboard; sourceTree = "<group>"; };
		76B93C701E43A2E9007F16A8 /* UserListViewController.swift */ = {isa = PBXFileReference; fileEncoding = 4; lastKnownFileType = sourcecode.swift; path = UserListViewController.swift; sourceTree = "<group>"; };
		76B93C721E43A2F3007F16A8 /* UserListConnector.swift */ = {isa = PBXFileReference; fileEncoding = 4; lastKnownFileType = sourcecode.swift; path = UserListConnector.swift; sourceTree = "<group>"; };
		76B93C741E43A303007F16A8 /* UserListPresenter.swift */ = {isa = PBXFileReference; fileEncoding = 4; lastKnownFileType = sourcecode.swift; path = UserListPresenter.swift; sourceTree = "<group>"; };
		76B93C761E43A30C007F16A8 /* UserListView.swift */ = {isa = PBXFileReference; fileEncoding = 4; lastKnownFileType = sourcecode.swift; path = UserListView.swift; sourceTree = "<group>"; };
		76B93C9E1E44E965007F16A8 /* EntityGateway.swift */ = {isa = PBXFileReference; fileEncoding = 4; lastKnownFileType = sourcecode.swift; path = EntityGateway.swift; sourceTree = "<group>"; };
		76B93CA11E44E991007F16A8 /* Connector.swift */ = {isa = PBXFileReference; fileEncoding = 4; lastKnownFileType = sourcecode.swift; path = Connector.swift; sourceTree = "<group>"; };
		76B93CA41E44EC6F007F16A8 /* InMemoryRepository.swift */ = {isa = PBXFileReference; fileEncoding = 4; lastKnownFileType = sourcecode.swift; path = InMemoryRepository.swift; sourceTree = "<group>"; };
		76B93CAA1E44EDDC007F16A8 /* User.swift */ = {isa = PBXFileReference; fileEncoding = 4; lastKnownFileType = sourcecode.swift; path = User.swift; sourceTree = "<group>"; };
		76B93CAC1E44F3D5007F16A8 /* UseCase.swift */ = {isa = PBXFileReference; fileEncoding = 4; lastKnownFileType = sourcecode.swift; path = UseCase.swift; sourceTree = "<group>"; };
		76B93CAE1E44F71A007F16A8 /* UseCaseFactory.swift */ = {isa = PBXFileReference; fileEncoding = 4; lastKnownFileType = sourcecode.swift; path = UseCaseFactory.swift; sourceTree = "<group>"; };
		76B93CB11E44F96E007F16A8 /* ShowUserListUseCase.swift */ = {isa = PBXFileReference; fileEncoding = 4; lastKnownFileType = sourcecode.swift; path = ShowUserListUseCase.swift; sourceTree = "<group>"; };
/* End PBXFileReference section */

/* Begin PBXFrameworksBuildPhase section */
		76B93C4D1E439761007F16A8 /* Frameworks */ = {
			isa = PBXFrameworksBuildPhase;
			buildActionMask = 2147483647;
			files = (
			);
			runOnlyForDeploymentPostprocessing = 0;
		};
/* End PBXFrameworksBuildPhase section */

/* Begin PBXGroup section */
		76B93C471E439761007F16A8 = {
			isa = PBXGroup;
			children = (
				76B93C521E439761007F16A8 /* UserDisplayer */,
				76B93C511E439761007F16A8 /* Products */,
			);
			sourceTree = "<group>";
		};
		76B93C511E439761007F16A8 /* Products */ = {
			isa = PBXGroup;
			children = (
				76B93C501E439761007F16A8 /* UserDisplayer.app */,
			);
			name = Products;
			sourceTree = "<group>";
		};
		76B93C521E439761007F16A8 /* UserDisplayer */ = {
			isa = PBXGroup;
			children = (
				76B93CA31E44EC5E007F16A8 /* Data */,
				76B93C9D1E44E956007F16A8 /* Domain */,
				76B93C6D1E43A26D007F16A8 /* Presentation */,
				76B93C691E43A074007F16A8 /* UI */,
				76B93C651E439F0A007F16A8 /* Supporting Files */,
			);
			path = UserDisplayer;
			sourceTree = "<group>";
		};
		76B93C651E439F0A007F16A8 /* Supporting Files */ = {
			isa = PBXGroup;
			children = (
				76B93C5F1E439761007F16A8 /* Info.plist */,
				76B93C661E439FD3007F16A8 /* LaunchScreen.storyboard */,
				76B93C5A1E439761007F16A8 /* Assets.xcassets */,
			);
			path = "Supporting Files";
			sourceTree = "<group>";
		};
		76B93C691E43A074007F16A8 /* UI */ = {
			isa = PBXGroup;
			children = (
				76B93CA01E44E987007F16A8 /* Protocols */,
				76B93C6C1E43A091007F16A8 /* AppDelegate */,
				76B93C6B1E43A089007F16A8 /* Views */,
				76B93C6A1E43A081007F16A8 /* Connectors */,
			);
			path = UI;
			sourceTree = "<group>";
		};
		76B93C6A1E43A081007F16A8 /* Connectors */ = {
			isa = PBXGroup;
			children = (
				76B93C721E43A2F3007F16A8 /* UserListConnector.swift */,
			);
			path = Connectors;
			sourceTree = "<group>";
		};
		76B93C6B1E43A089007F16A8 /* Views */ = {
			isa = PBXGroup;
			children = (
				76B93C701E43A2E9007F16A8 /* UserListViewController.swift */,
			);
			path = Views;
			sourceTree = "<group>";
		};
		76B93C6C1E43A091007F16A8 /* AppDelegate */ = {
			isa = PBXGroup;
			children = (
				76B93C531E439761007F16A8 /* AppDelegate.swift */,
			);
			path = AppDelegate;
			sourceTree = "<group>";
		};
		76B93C6D1E43A26D007F16A8 /* Presentation */ = {
			isa = PBXGroup;
			children = (
				76B93C6F1E43A282007F16A8 /* ViewProtocols */,
				76B93C6E1E43A277007F16A8 /* Presenters */,
			);
			path = Presentation;
			sourceTree = "<group>";
		};
		76B93C6E1E43A277007F16A8 /* Presenters */ = {
			isa = PBXGroup;
			children = (
				76B93C741E43A303007F16A8 /* UserListPresenter.swift */,
			);
			path = Presenters;
			sourceTree = "<group>";
		};
		76B93C6F1E43A282007F16A8 /* ViewProtocols */ = {
			isa = PBXGroup;
			children = (
				76B93C761E43A30C007F16A8 /* UserListView.swift */,
			);
			path = ViewProtocols;
			sourceTree = "<group>";
		};
		76B93C9D1E44E956007F16A8 /* Domain */ = {
			isa = PBXGroup;
			children = (
				76B93C9E1E44E965007F16A8 /* EntityGateway.swift */,
				76B93CAC1E44F3D5007F16A8 /* UseCase.swift */,
				76B93CAE1E44F71A007F16A8 /* UseCaseFactory.swift */,
				76B93CB01E44F961007F16A8 /* UseCases */,
				76B93CA91E44EDD3007F16A8 /* Entities */,
			);
			path = Domain;
			sourceTree = "<group>";
		};
		76B93CA01E44E987007F16A8 /* Protocols */ = {
			isa = PBXGroup;
			children = (
				76B93CA11E44E991007F16A8 /* Connector.swift */,
			);
			path = Protocols;
			sourceTree = "<group>";
		};
		76B93CA31E44EC5E007F16A8 /* Data */ = {
			isa = PBXGroup;
			children = (
				76B93CA41E44EC6F007F16A8 /* InMemoryRepository.swift */,
			);
			path = Data;
			sourceTree = "<group>";
		};
		76B93CA91E44EDD3007F16A8 /* Entities */ = {
			isa = PBXGroup;
			children = (
				76B93CAA1E44EDDC007F16A8 /* User.swift */,
			);
			path = Entities;
			sourceTree = "<group>";
		};
		76B93CB01E44F961007F16A8 /* UseCases */ = {
			isa = PBXGroup;
			children = (
				76B93CB11E44F96E007F16A8 /* ShowUserListUseCase.swift */,
			);
			path = UseCases;
			sourceTree = "<group>";
		};
/* End PBXGroup section */

/* Begin PBXNativeTarget section */
		76B93C4F1E439761007F16A8 /* UserDisplayer */ = {
			isa = PBXNativeTarget;
			buildConfigurationList = 76B93C621E439761007F16A8 /* Build configuration list for PBXNativeTarget "UserDisplayer" */;
			buildPhases = (
				76B93C4C1E439761007F16A8 /* Sources */,
				76B93C4D1E439761007F16A8 /* Frameworks */,
				76B93C4E1E439761007F16A8 /* Resources */,
			);
			buildRules = (
			);
			dependencies = (
			);
			name = UserDisplayer;
			productName = UserDisplayer;
			productReference = 76B93C501E439761007F16A8 /* UserDisplayer.app */;
			productType = "com.apple.product-type.application";
		};
/* End PBXNativeTarget section */

/* Begin PBXProject section */
		76B93C481E439761007F16A8 /* Project object */ = {
			isa = PBXProject;
			attributes = {
				LastSwiftUpdateCheck = 0820;
				LastUpgradeCheck = 0820;
				ORGANIZATIONNAME = "Jeremi Kaczmarczyk";
				TargetAttributes = {
					76B93C4F1E439761007F16A8 = {
						CreatedOnToolsVersion = 8.2.1;
						DevelopmentTeam = S22AEPX323;
						ProvisioningStyle = Automatic;
					};
				};
			};
			buildConfigurationList = 76B93C4B1E439761007F16A8 /* Build configuration list for PBXProject "UserDisplayer" */;
			compatibilityVersion = "Xcode 3.2";
			developmentRegion = English;
			hasScannedForEncodings = 0;
			knownRegions = (
				en,
				Base,
			);
			mainGroup = 76B93C471E439761007F16A8;
			productRefGroup = 76B93C511E439761007F16A8 /* Products */;
			projectDirPath = "";
			projectRoot = "";
			targets = (
				76B93C4F1E439761007F16A8 /* UserDisplayer */,
			);
		};
/* End PBXProject section */

/* Begin PBXResourcesBuildPhase section */
		76B93C4E1E439761007F16A8 /* Resources */ = {
			isa = PBXResourcesBuildPhase;
			buildActionMask = 2147483647;
			files = (
				76B93C681E439FD3007F16A8 /* LaunchScreen.storyboard in Resources */,
				76B93C5B1E439761007F16A8 /* Assets.xcassets in Resources */,
			);
			runOnlyForDeploymentPostprocessing = 0;
		};
/* End PBXResourcesBuildPhase section */

/* Begin PBXSourcesBuildPhase section */
		76B93C4C1E439761007F16A8 /* Sources */ = {
			isa = PBXSourcesBuildPhase;
			buildActionMask = 2147483647;
			files = (
				76B93C731E43A2F3007F16A8 /* UserListConnector.swift in Sources */,
				76B93C771E43A30C007F16A8 /* UserListView.swift in Sources */,
				76B93C541E439761007F16A8 /* AppDelegate.swift in Sources */,
				76B93CAF1E44F71A007F16A8 /* UseCaseFactory.swift in Sources */,
				76B93CA51E44EC6F007F16A8 /* InMemoryRepository.swift in Sources */,
				76B93CB21E44F96E007F16A8 /* ShowUserListUseCase.swift in Sources */,
				76B93C751E43A303007F16A8 /* UserListPresenter.swift in Sources */,
				76B93CAD1E44F3D5007F16A8 /* UseCase.swift in Sources */,
				76B93CAB1E44EDDC007F16A8 /* User.swift in Sources */,
				76B93C711E43A2E9007F16A8 /* UserListViewController.swift in Sources */,
				76B93CA21E44E991007F16A8 /* Connector.swift in Sources */,
				76B93C9F1E44E965007F16A8 /* EntityGateway.swift in Sources */,
			);
			runOnlyForDeploymentPostprocessing = 0;
		};
/* End PBXSourcesBuildPhase section */

/* Begin PBXVariantGroup section */
		76B93C661E439FD3007F16A8 /* LaunchScreen.storyboard */ = {
			isa = PBXVariantGroup;
			children = (
				76B93C671E439FD3007F16A8 /* Base */,
			);
			name = LaunchScreen.storyboard;
			sourceTree = "<group>";
		};
/* End PBXVariantGroup section */

/* Begin XCBuildConfiguration section */
		76B93C601E439761007F16A8 /* Debug */ = {
			isa = XCBuildConfiguration;
			buildSettings = {
				ALWAYS_SEARCH_USER_PATHS = NO;
				CLANG_ANALYZER_NONNULL = YES;
				CLANG_CXX_LANGUAGE_STANDARD = "gnu++0x";
				CLANG_CXX_LIBRARY = "libc++";
				CLANG_ENABLE_MODULES = YES;
				CLANG_ENABLE_OBJC_ARC = YES;
				CLANG_WARN_BOOL_CONVERSION = YES;
				CLANG_WARN_CONSTANT_CONVERSION = YES;
				CLANG_WARN_DIRECT_OBJC_ISA_USAGE = YES_ERROR;
				CLANG_WARN_DOCUMENTATION_COMMENTS = YES;
				CLANG_WARN_EMPTY_BODY = YES;
				CLANG_WARN_ENUM_CONVERSION = YES;
				CLANG_WARN_INFINITE_RECURSION = YES;
				CLANG_WARN_INT_CONVERSION = YES;
				CLANG_WARN_OBJC_ROOT_CLASS = YES_ERROR;
				CLANG_WARN_SUSPICIOUS_MOVE = YES;
				CLANG_WARN_UNREACHABLE_CODE = YES;
				CLANG_WARN__DUPLICATE_METHOD_MATCH = YES;
				"CODE_SIGN_IDENTITY[sdk=iphoneos*]" = "iPhone Developer";
				COPY_PHASE_STRIP = NO;
				DEBUG_INFORMATION_FORMAT = dwarf;
				ENABLE_STRICT_OBJC_MSGSEND = YES;
				ENABLE_TESTABILITY = YES;
				GCC_C_LANGUAGE_STANDARD = gnu99;
				GCC_DYNAMIC_NO_PIC = NO;
				GCC_NO_COMMON_BLOCKS = YES;
				GCC_OPTIMIZATION_LEVEL = 0;
				GCC_PREPROCESSOR_DEFINITIONS = (
					"DEBUG=1",
					"$(inherited)",
				);
				GCC_WARN_64_TO_32_BIT_CONVERSION = YES;
				GCC_WARN_ABOUT_RETURN_TYPE = YES_ERROR;
				GCC_WARN_UNDECLARED_SELECTOR = YES;
				GCC_WARN_UNINITIALIZED_AUTOS = YES_AGGRESSIVE;
				GCC_WARN_UNUSED_FUNCTION = YES;
				GCC_WARN_UNUSED_VARIABLE = YES;
				IPHONEOS_DEPLOYMENT_TARGET = 10.2;
				MTL_ENABLE_DEBUG_INFO = YES;
				ONLY_ACTIVE_ARCH = YES;
				SDKROOT = iphoneos;
				SWIFT_ACTIVE_COMPILATION_CONDITIONS = DEBUG;
				SWIFT_OPTIMIZATION_LEVEL = "-Onone";
				TARGETED_DEVICE_FAMILY = "1,2";
			};
			name = Debug;
		};
		76B93C611E439761007F16A8 /* Release */ = {
			isa = XCBuildConfiguration;
			buildSettings = {
				ALWAYS_SEARCH_USER_PATHS = NO;
				CLANG_ANALYZER_NONNULL = YES;
				CLANG_CXX_LANGUAGE_STANDARD = "gnu++0x";
				CLANG_CXX_LIBRARY = "libc++";
				CLANG_ENABLE_MODULES = YES;
				CLANG_ENABLE_OBJC_ARC = YES;
				CLANG_WARN_BOOL_CONVERSION = YES;
				CLANG_WARN_CONSTANT_CONVERSION = YES;
				CLANG_WARN_DIRECT_OBJC_ISA_USAGE = YES_ERROR;
				CLANG_WARN_DOCUMENTATION_COMMENTS = YES;
				CLANG_WARN_EMPTY_BODY = YES;
				CLANG_WARN_ENUM_CONVERSION = YES;
				CLANG_WARN_INFINITE_RECURSION = YES;
				CLANG_WARN_INT_CONVERSION = YES;
				CLANG_WARN_OBJC_ROOT_CLASS = YES_ERROR;
				CLANG_WARN_SUSPICIOUS_MOVE = YES;
				CLANG_WARN_UNREACHABLE_CODE = YES;
				CLANG_WARN__DUPLICATE_METHOD_MATCH = YES;
				"CODE_SIGN_IDENTITY[sdk=iphoneos*]" = "iPhone Developer";
				COPY_PHASE_STRIP = NO;
				DEBUG_INFORMATION_FORMAT = "dwarf-with-dsym";
				ENABLE_NS_ASSERTIONS = NO;
				ENABLE_STRICT_OBJC_MSGSEND = YES;
				GCC_C_LANGUAGE_STANDARD = gnu99;
				GCC_NO_COMMON_BLOCKS = YES;
				GCC_WARN_64_TO_32_BIT_CONVERSION = YES;
				GCC_WARN_ABOUT_RETURN_TYPE = YES_ERROR;
				GCC_WARN_UNDECLARED_SELECTOR = YES;
				GCC_WARN_UNINITIALIZED_AUTOS = YES_AGGRESSIVE;
				GCC_WARN_UNUSED_FUNCTION = YES;
				GCC_WARN_UNUSED_VARIABLE = YES;
				IPHONEOS_DEPLOYMENT_TARGET = 10.2;
				MTL_ENABLE_DEBUG_INFO = NO;
				SDKROOT = iphoneos;
				SWIFT_OPTIMIZATION_LEVEL = "-Owholemodule";
				TARGETED_DEVICE_FAMILY = "1,2";
				VALIDATE_PRODUCT = YES;
			};
			name = Release;
		};
		76B93C631E439761007F16A8 /* Debug */ = {
			isa = XCBuildConfiguration;
			buildSettings = {
				ASSETCATALOG_COMPILER_APPICON_NAME = AppIcon;
				ASSETCATALOG_COMPILER_LAUNCHIMAGE_NAME = LaunchImage;
				DEVELOPMENT_TEAM = S22AEPX323;
				INFOPLIST_FILE = "$(SRCROOT)/UserDisplayer/Supporting Files/Info.plist";
				LD_RUNPATH_SEARCH_PATHS = "$(inherited) @executable_path/Frameworks";
				PRODUCT_BUNDLE_IDENTIFIER = jk.apps.UserDisplayer;
				PRODUCT_NAME = "$(TARGET_NAME)";
				SWIFT_VERSION = 3.0;
			};
			name = Debug;
		};
		76B93C641E439761007F16A8 /* Release */ = {
			isa = XCBuildConfiguration;
			buildSettings = {
				ASSETCATALOG_COMPILER_APPICON_NAME = AppIcon;
				ASSETCATALOG_COMPILER_LAUNCHIMAGE_NAME = LaunchImage;
				DEVELOPMENT_TEAM = S22AEPX323;
				INFOPLIST_FILE = "$(SRCROOT)/UserDisplayer/Supporting Files/Info.plist";
				LD_RUNPATH_SEARCH_PATHS = "$(inherited) @executable_path/Frameworks";
				PRODUCT_BUNDLE_IDENTIFIER = jk.apps.UserDisplayer;
				PRODUCT_NAME = "$(TARGET_NAME)";
				SWIFT_VERSION = 3.0;
			};
			name = Release;
		};
/* End XCBuildConfiguration section */

/* Begin XCConfigurationList section */
		76B93C4B1E439761007F16A8 /* Build configuration list for PBXProject "UserDisplayer" */ = {
			isa = XCConfigurationList;
			buildConfigurations = (
				76B93C601E439761007F16A8 /* Debug */,
				76B93C611E439761007F16A8 /* Release */,
			);
			defaultConfigurationIsVisible = 0;
			defaultConfigurationName = Release;
		};
		76B93C621E439761007F16A8 /* Build configuration list for PBXNativeTarget "UserDisplayer" */ = {
			isa = XCConfigurationList;
			buildConfigurations = (
				76B93C631E439761007F16A8 /* Debug */,
				76B93C641E439761007F16A8 /* Release */,
			);
			defaultConfigurationIsVisible = 0;
			defaultConfigurationName = Release;
		};
/* End XCConfigurationList section */
	};
	rootObject = 76B93C481E439761007F16A8 /* Project object */;
}
